// !$*UTF8*$!
{
	archiveVersion = 1;
	classes = {
	};
	objectVersion = 46;
	objects = {

/* Begin PBXBuildFile section */
		022928DC1BCFC9CC00B7C1E0 /* MainViewController.m in Sources */ = {isa = PBXBuildFile; fileRef = 022928DB1BCFC9CC00B7C1E0 /* MainViewController.m */; };
		022928E01BCFCA5500B7C1E0 /* MenuTableViewController.m in Sources */ = {isa = PBXBuildFile; fileRef = 022928DF1BCFCA5500B7C1E0 /* MenuTableViewController.m */; };
		022928E31BCFCCF200B7C1E0 /* Feed.storyboard in Resources */ = {isa = PBXBuildFile; fileRef = 022928E21BCFCCF200B7C1E0 /* Feed.storyboard */; };
		02807F931BCE9DE10008D018 /* main.m in Sources */ = {isa = PBXBuildFile; fileRef = 02807F921BCE9DE10008D018 /* main.m */; };
		02807F961BCE9DE10008D018 /* AppDelegate.m in Sources */ = {isa = PBXBuildFile; fileRef = 02807F951BCE9DE10008D018 /* AppDelegate.m */; };
		02807F991BCE9DE10008D018 /* ViewController.m in Sources */ = {isa = PBXBuildFile; fileRef = 02807F981BCE9DE10008D018 /* ViewController.m */; };
		02807F9C1BCE9DE10008D018 /* Main.storyboard in Resources */ = {isa = PBXBuildFile; fileRef = 02807F9A1BCE9DE10008D018 /* Main.storyboard */; };
		02807F9E1BCE9DE10008D018 /* Assets.xcassets in Resources */ = {isa = PBXBuildFile; fileRef = 02807F9D1BCE9DE10008D018 /* Assets.xcassets */; };
		02807FA11BCE9DE10008D018 /* LaunchScreen.storyboard in Resources */ = {isa = PBXBuildFile; fileRef = 02807F9F1BCE9DE10008D018 /* LaunchScreen.storyboard */; };
		02807FAC1BCE9DE10008D018 /* DoctorTests.m in Sources */ = {isa = PBXBuildFile; fileRef = 02807FAB1BCE9DE10008D018 /* DoctorTests.m */; };
		02807FB71BCE9DE10008D018 /* DoctorUITests.m in Sources */ = {isa = PBXBuildFile; fileRef = 02807FB61BCE9DE10008D018 /* DoctorUITests.m */; };
		02921D5F1BD11707001B6F5E /* FeedTableViewController.m in Sources */ = {isa = PBXBuildFile; fileRef = 02921D5E1BD11707001B6F5E /* FeedTableViewController.m */; };
		02921D7B1BD14653001B6F5E /* PatientsAddViewController.m in Sources */ = {isa = PBXBuildFile; fileRef = 02921D7A1BD14653001B6F5E /* PatientsAddViewController.m */; settings = {ASSET_TAGS = (); }; };
		02921D7D1BD14DE7001B6F5E /* Outside.storyboard in Resources */ = {isa = PBXBuildFile; fileRef = 02921D7C1BD14DE7001B6F5E /* Outside.storyboard */; settings = {ASSET_TAGS = (); }; };
		02921D811BD14E9A001B6F5E /* OutsideStartViewController.m in Sources */ = {isa = PBXBuildFile; fileRef = 02921D801BD14E9A001B6F5E /* OutsideStartViewController.m */; settings = {ASSET_TAGS = (); }; };
		02CD6C2E1BD1BE4D00C38B6D /* OutsideRecoverPasswordViewController.m in Sources */ = {isa = PBXBuildFile; fileRef = 02CD6C2D1BD1BE4D00C38B6D /* OutsideRecoverPasswordViewController.m */; settings = {ASSET_TAGS = (); }; };
		02CD6C311BD2C11700C38B6D /* OutsideSignInTableViewController.m in Sources */ = {isa = PBXBuildFile; fileRef = 02CD6C301BD2C11700C38B6D /* OutsideSignInTableViewController.m */; settings = {ASSET_TAGS = (); }; };
		02CD6C341BD2C9D700C38B6D /* OutsideSignInConfirmViewController.m in Sources */ = {isa = PBXBuildFile; fileRef = 02CD6C331BD2C9D700C38B6D /* OutsideSignInConfirmViewController.m */; settings = {ASSET_TAGS = (); }; };
		02CD6C381BD2D5F500C38B6D /* Settings.storyboard in Resources */ = {isa = PBXBuildFile; fileRef = 02CD6C371BD2D5F500C38B6D /* Settings.storyboard */; settings = {ASSET_TAGS = (); }; };
		02CD6C3A1BD2D61200C38B6D /* Medications.storyboard in Resources */ = {isa = PBXBuildFile; fileRef = 02CD6C391BD2D61200C38B6D /* Medications.storyboard */; settings = {ASSET_TAGS = (); }; };
		02CD6C431BD2D85A00C38B6D /* Patient.m in Sources */ = {isa = PBXBuildFile; fileRef = 02CD6C421BD2D85A00C38B6D /* Patient.m */; settings = {ASSET_TAGS = (); }; };
		02CD6C461BD2D86600C38B6D /* Medication.m in Sources */ = {isa = PBXBuildFile; fileRef = 02CD6C451BD2D86600C38B6D /* Medication.m */; settings = {ASSET_TAGS = (); }; };
		02CD6C4A1BD2DAAC00C38B6D /* Doctor.m in Sources */ = {isa = PBXBuildFile; fileRef = 02CD6C491BD2DAAC00C38B6D /* Doctor.m */; settings = {ASSET_TAGS = (); }; };
		02CD6C4F1BD2DE6300C38B6D /* SettingsTableViewController.m in Sources */ = {isa = PBXBuildFile; fileRef = 02CD6C4E1BD2DE6300C38B6D /* SettingsTableViewController.m */; settings = {ASSET_TAGS = (); }; };
		02CD6C521BD2E14500C38B6D /* MedicationsTableViewController.m in Sources */ = {isa = PBXBuildFile; fileRef = 02CD6C511BD2E14500C38B6D /* MedicationsTableViewController.m */; settings = {ASSET_TAGS = (); }; };
		02CDD9BF1BD6DBB300443828 /* ForumNewTopicTableViewController.m in Sources */ = {isa = PBXBuildFile; fileRef = 02CDD9BE1BD6DBB300443828 /* ForumNewTopicTableViewController.m */; settings = {ASSET_TAGS = (); }; };
		02CDD9C31BD6DBC900443828 /* ForumSeeTopicTableViewController.m in Sources */ = {isa = PBXBuildFile; fileRef = 02CDD9C21BD6DBC900443828 /* ForumSeeTopicTableViewController.m */; settings = {ASSET_TAGS = (); }; };
		02F15C651BD6D5490078279D /* ForumTableViewController.m in Sources */ = {isa = PBXBuildFile; fileRef = 02F15C641BD6D5490078279D /* ForumTableViewController.m */; settings = {ASSET_TAGS = (); }; };
		02F15C691BD6D8080078279D /* PatientSelectedTableViewController.m in Sources */ = {isa = PBXBuildFile; fileRef = 02F15C681BD6D8080078279D /* PatientSelectedTableViewController.m */; settings = {ASSET_TAGS = (); }; };
		1BD2E29A1BD1240D004413F9 /* Forum.storyboard in Resources */ = {isa = PBXBuildFile; fileRef = 1BD2E2991BD1240D004413F9 /* Forum.storyboard */; };
		7020D11E1BD52DBD0059A226 /* Envio.m in Sources */ = {isa = PBXBuildFile; fileRef = 7020D11D1BD52DBD0059A226 /* Envio.m */; settings = {ASSET_TAGS = (); }; };
		7020D1221BD53A4E0059A226 /* Register.m in Sources */ = {isa = PBXBuildFile; fileRef = 7020D1211BD53A4E0059A226 /* Register.m */; settings = {ASSET_TAGS = (); }; };
		7020D1261BD53A840059A226 /* Treatment.m in Sources */ = {isa = PBXBuildFile; fileRef = 7020D1251BD53A840059A226 /* Treatment.m */; settings = {ASSET_TAGS = (); }; };
		7020D12A1BD53A9F0059A226 /* Exam.m in Sources */ = {isa = PBXBuildFile; fileRef = 7020D1291BD53A9F0059A226 /* Exam.m */; settings = {ASSET_TAGS = (); }; };
		7020D12E1BD53B100059A226 /* Appointment.m in Sources */ = {isa = PBXBuildFile; fileRef = 7020D12D1BD53B100059A226 /* Appointment.m */; settings = {ASSET_TAGS = (); }; };
		7020D1321BD53B560059A226 /* CaseHistory.m in Sources */ = {isa = PBXBuildFile; fileRef = 7020D1311BD53B560059A226 /* CaseHistory.m */; settings = {ASSET_TAGS = (); }; };
		7020D1361BD53B7C0059A226 /* Diagnosis.m in Sources */ = {isa = PBXBuildFile; fileRef = 7020D1351BD53B7C0059A226 /* Diagnosis.m */; settings = {ASSET_TAGS = (); }; };
		703E632B1BCFD8F600205A82 /* Patients.storyboard in Resources */ = {isa = PBXBuildFile; fileRef = 703E632A1BCFD8F600205A82 /* Patients.storyboard */; };
		703E632E1BCFDA4100205A82 /* PatientsTableViewController.m in Sources */ = {isa = PBXBuildFile; fileRef = 703E632D1BCFDA4100205A82 /* PatientsTableViewController.m */; };
		703E63311BCFDA6A00205A82 /* PatientsTableViewCell.m in Sources */ = {isa = PBXBuildFile; fileRef = 703E63301BCFDA6A00205A82 /* PatientsTableViewCell.m */; };
		9F559E2DC906E29334401480 /* libPods-Doctor.a in Frameworks */ = {isa = PBXBuildFile; fileRef = 25499218369E12465EE581B5 /* libPods-Doctor.a */; };
/* End PBXBuildFile section */

/* Begin PBXContainerItemProxy section */
		02807FA81BCE9DE10008D018 /* PBXContainerItemProxy */ = {
			isa = PBXContainerItemProxy;
			containerPortal = 02807F861BCE9DE10008D018 /* Project object */;
			proxyType = 1;
			remoteGlobalIDString = 02807F8D1BCE9DE10008D018;
			remoteInfo = Doctor;
		};
		02807FB31BCE9DE10008D018 /* PBXContainerItemProxy */ = {
			isa = PBXContainerItemProxy;
			containerPortal = 02807F861BCE9DE10008D018 /* Project object */;
			proxyType = 1;
			remoteGlobalIDString = 02807F8D1BCE9DE10008D018;
			remoteInfo = Doctor;
		};
/* End PBXContainerItemProxy section */

/* Begin PBXCopyFilesBuildPhase section */
		02807FD41BCE9E9A0008D018 /* Embed Frameworks */ = {
			isa = PBXCopyFilesBuildPhase;
			buildActionMask = 2147483647;
			dstPath = "";
			dstSubfolderSpec = 10;
			files = (
			);
			name = "Embed Frameworks";
			runOnlyForDeploymentPostprocessing = 0;
		};
/* End PBXCopyFilesBuildPhase section */

/* Begin PBXFileReference section */
		022928D91BCFC73200B7C1E0 /* Storyboards.h */ = {isa = PBXFileReference; lastKnownFileType = sourcecode.c.h; path = Storyboards.h; sourceTree = "<group>"; };
		022928DA1BCFC9CC00B7C1E0 /* MainViewController.h */ = {isa = PBXFileReference; fileEncoding = 4; lastKnownFileType = sourcecode.c.h; path = MainViewController.h; sourceTree = "<group>"; };
		022928DB1BCFC9CC00B7C1E0 /* MainViewController.m */ = {isa = PBXFileReference; fileEncoding = 4; lastKnownFileType = sourcecode.c.objc; path = MainViewController.m; sourceTree = "<group>"; };
		022928DE1BCFCA5500B7C1E0 /* MenuTableViewController.h */ = {isa = PBXFileReference; fileEncoding = 4; lastKnownFileType = sourcecode.c.h; path = MenuTableViewController.h; sourceTree = "<group>"; };
		022928DF1BCFCA5500B7C1E0 /* MenuTableViewController.m */ = {isa = PBXFileReference; fileEncoding = 4; lastKnownFileType = sourcecode.c.objc; path = MenuTableViewController.m; sourceTree = "<group>"; };
		022928E21BCFCCF200B7C1E0 /* Feed.storyboard */ = {isa = PBXFileReference; fileEncoding = 4; lastKnownFileType = file.storyboard; path = Feed.storyboard; sourceTree = "<group>"; };
		02807F8E1BCE9DE10008D018 /* Doctor.app */ = {isa = PBXFileReference; explicitFileType = wrapper.application; includeInIndex = 0; path = Doctor.app; sourceTree = BUILT_PRODUCTS_DIR; };
		02807F921BCE9DE10008D018 /* main.m */ = {isa = PBXFileReference; lastKnownFileType = sourcecode.c.objc; path = main.m; sourceTree = "<group>"; };
		02807F941BCE9DE10008D018 /* AppDelegate.h */ = {isa = PBXFileReference; lastKnownFileType = sourcecode.c.h; path = AppDelegate.h; sourceTree = "<group>"; };
		02807F951BCE9DE10008D018 /* AppDelegate.m */ = {isa = PBXFileReference; lastKnownFileType = sourcecode.c.objc; path = AppDelegate.m; sourceTree = "<group>"; };
		02807F971BCE9DE10008D018 /* ViewController.h */ = {isa = PBXFileReference; lastKnownFileType = sourcecode.c.h; path = ViewController.h; sourceTree = "<group>"; };
		02807F981BCE9DE10008D018 /* ViewController.m */ = {isa = PBXFileReference; lastKnownFileType = sourcecode.c.objc; path = ViewController.m; sourceTree = "<group>"; };
		02807F9B1BCE9DE10008D018 /* Base */ = {isa = PBXFileReference; lastKnownFileType = file.storyboard; name = Base; path = Base.lproj/Main.storyboard; sourceTree = "<group>"; };
		02807F9D1BCE9DE10008D018 /* Assets.xcassets */ = {isa = PBXFileReference; lastKnownFileType = folder.assetcatalog; path = Assets.xcassets; sourceTree = "<group>"; };
		02807FA01BCE9DE10008D018 /* Base */ = {isa = PBXFileReference; lastKnownFileType = file.storyboard; name = Base; path = Base.lproj/LaunchScreen.storyboard; sourceTree = "<group>"; };
		02807FA21BCE9DE10008D018 /* Info.plist */ = {isa = PBXFileReference; lastKnownFileType = text.plist.xml; path = Info.plist; sourceTree = "<group>"; };
		02807FA71BCE9DE10008D018 /* DoctorTests.xctest */ = {isa = PBXFileReference; explicitFileType = wrapper.cfbundle; includeInIndex = 0; path = DoctorTests.xctest; sourceTree = BUILT_PRODUCTS_DIR; };
		02807FAB1BCE9DE10008D018 /* DoctorTests.m */ = {isa = PBXFileReference; lastKnownFileType = sourcecode.c.objc; path = DoctorTests.m; sourceTree = "<group>"; };
		02807FAD1BCE9DE10008D018 /* Info.plist */ = {isa = PBXFileReference; lastKnownFileType = text.plist.xml; path = Info.plist; sourceTree = "<group>"; };
		02807FB21BCE9DE10008D018 /* DoctorUITests.xctest */ = {isa = PBXFileReference; explicitFileType = wrapper.cfbundle; includeInIndex = 0; path = DoctorUITests.xctest; sourceTree = BUILT_PRODUCTS_DIR; };
		02807FB61BCE9DE10008D018 /* DoctorUITests.m */ = {isa = PBXFileReference; lastKnownFileType = sourcecode.c.objc; path = DoctorUITests.m; sourceTree = "<group>"; };
		02807FB81BCE9DE10008D018 /* Info.plist */ = {isa = PBXFileReference; lastKnownFileType = text.plist.xml; path = Info.plist; sourceTree = "<group>"; };
		02921D5D1BD11707001B6F5E /* FeedTableViewController.h */ = {isa = PBXFileReference; fileEncoding = 4; lastKnownFileType = sourcecode.c.h; path = FeedTableViewController.h; sourceTree = "<group>"; };
		02921D5E1BD11707001B6F5E /* FeedTableViewController.m */ = {isa = PBXFileReference; fileEncoding = 4; lastKnownFileType = sourcecode.c.objc; path = FeedTableViewController.m; sourceTree = "<group>"; };
		02921D791BD14653001B6F5E /* PatientsAddViewController.h */ = {isa = PBXFileReference; fileEncoding = 4; lastKnownFileType = sourcecode.c.h; path = PatientsAddViewController.h; sourceTree = "<group>"; };
		02921D7A1BD14653001B6F5E /* PatientsAddViewController.m */ = {isa = PBXFileReference; fileEncoding = 4; lastKnownFileType = sourcecode.c.objc; path = PatientsAddViewController.m; sourceTree = "<group>"; };
		02921D7C1BD14DE7001B6F5E /* Outside.storyboard */ = {isa = PBXFileReference; fileEncoding = 4; lastKnownFileType = file.storyboard; path = Outside.storyboard; sourceTree = "<group>"; };
		02921D7F1BD14E9A001B6F5E /* OutsideStartViewController.h */ = {isa = PBXFileReference; fileEncoding = 4; lastKnownFileType = sourcecode.c.h; path = OutsideStartViewController.h; sourceTree = "<group>"; };
		02921D801BD14E9A001B6F5E /* OutsideStartViewController.m */ = {isa = PBXFileReference; fileEncoding = 4; lastKnownFileType = sourcecode.c.objc; path = OutsideStartViewController.m; sourceTree = "<group>"; };
		02CD6C2C1BD1BE4D00C38B6D /* OutsideRecoverPasswordViewController.h */ = {isa = PBXFileReference; fileEncoding = 4; lastKnownFileType = sourcecode.c.h; path = OutsideRecoverPasswordViewController.h; sourceTree = "<group>"; };
		02CD6C2D1BD1BE4D00C38B6D /* OutsideRecoverPasswordViewController.m */ = {isa = PBXFileReference; fileEncoding = 4; lastKnownFileType = sourcecode.c.objc; path = OutsideRecoverPasswordViewController.m; sourceTree = "<group>"; };
		02CD6C2F1BD2C11700C38B6D /* OutsideSignInTableViewController.h */ = {isa = PBXFileReference; fileEncoding = 4; lastKnownFileType = sourcecode.c.h; path = OutsideSignInTableViewController.h; sourceTree = "<group>"; };
		02CD6C301BD2C11700C38B6D /* OutsideSignInTableViewController.m */ = {isa = PBXFileReference; fileEncoding = 4; lastKnownFileType = sourcecode.c.objc; path = OutsideSignInTableViewController.m; sourceTree = "<group>"; };
		02CD6C321BD2C9D700C38B6D /* OutsideSignInConfirmViewController.h */ = {isa = PBXFileReference; fileEncoding = 4; lastKnownFileType = sourcecode.c.h; path = OutsideSignInConfirmViewController.h; sourceTree = "<group>"; };
		02CD6C331BD2C9D700C38B6D /* OutsideSignInConfirmViewController.m */ = {isa = PBXFileReference; fileEncoding = 4; lastKnownFileType = sourcecode.c.objc; path = OutsideSignInConfirmViewController.m; sourceTree = "<group>"; };
		02CD6C371BD2D5F500C38B6D /* Settings.storyboard */ = {isa = PBXFileReference; fileEncoding = 4; lastKnownFileType = file.storyboard; path = Settings.storyboard; sourceTree = "<group>"; };
		02CD6C391BD2D61200C38B6D /* Medications.storyboard */ = {isa = PBXFileReference; fileEncoding = 4; lastKnownFileType = file.storyboard; path = Medications.storyboard; sourceTree = "<group>"; };
		02CD6C411BD2D85A00C38B6D /* Patient.h */ = {isa = PBXFileReference; fileEncoding = 4; lastKnownFileType = sourcecode.c.h; path = Patient.h; sourceTree = "<group>"; };
		02CD6C421BD2D85A00C38B6D /* Patient.m */ = {isa = PBXFileReference; fileEncoding = 4; lastKnownFileType = sourcecode.c.objc; path = Patient.m; sourceTree = "<group>"; };
		02CD6C441BD2D86600C38B6D /* Medication.h */ = {isa = PBXFileReference; fileEncoding = 4; lastKnownFileType = sourcecode.c.h; path = Medication.h; sourceTree = "<group>"; };
		02CD6C451BD2D86600C38B6D /* Medication.m */ = {isa = PBXFileReference; fileEncoding = 4; lastKnownFileType = sourcecode.c.objc; path = Medication.m; sourceTree = "<group>"; };
		02CD6C481BD2DAAC00C38B6D /* Doctor.h */ = {isa = PBXFileReference; fileEncoding = 4; lastKnownFileType = sourcecode.c.h; path = Doctor.h; sourceTree = "<group>"; };
		02CD6C491BD2DAAC00C38B6D /* Doctor.m */ = {isa = PBXFileReference; fileEncoding = 4; lastKnownFileType = sourcecode.c.objc; path = Doctor.m; sourceTree = "<group>"; };
		02CD6C4D1BD2DE6300C38B6D /* SettingsTableViewController.h */ = {isa = PBXFileReference; fileEncoding = 4; lastKnownFileType = sourcecode.c.h; path = SettingsTableViewController.h; sourceTree = "<group>"; };
		02CD6C4E1BD2DE6300C38B6D /* SettingsTableViewController.m */ = {isa = PBXFileReference; fileEncoding = 4; lastKnownFileType = sourcecode.c.objc; path = SettingsTableViewController.m; sourceTree = "<group>"; };
		02CD6C501BD2E14500C38B6D /* MedicationsTableViewController.h */ = {isa = PBXFileReference; fileEncoding = 4; lastKnownFileType = sourcecode.c.h; path = MedicationsTableViewController.h; sourceTree = "<group>"; };
		02CD6C511BD2E14500C38B6D /* MedicationsTableViewController.m */ = {isa = PBXFileReference; fileEncoding = 4; lastKnownFileType = sourcecode.c.objc; path = MedicationsTableViewController.m; sourceTree = "<group>"; };
		02CDD9BD1BD6DBB300443828 /* ForumNewTopicTableViewController.h */ = {isa = PBXFileReference; fileEncoding = 4; lastKnownFileType = sourcecode.c.h; path = ForumNewTopicTableViewController.h; sourceTree = "<group>"; };
		02CDD9BE1BD6DBB300443828 /* ForumNewTopicTableViewController.m */ = {isa = PBXFileReference; fileEncoding = 4; lastKnownFileType = sourcecode.c.objc; path = ForumNewTopicTableViewController.m; sourceTree = "<group>"; };
		02CDD9C11BD6DBC900443828 /* ForumSeeTopicTableViewController.h */ = {isa = PBXFileReference; fileEncoding = 4; lastKnownFileType = sourcecode.c.h; path = ForumSeeTopicTableViewController.h; sourceTree = "<group>"; };
		02CDD9C21BD6DBC900443828 /* ForumSeeTopicTableViewController.m */ = {isa = PBXFileReference; fileEncoding = 4; lastKnownFileType = sourcecode.c.objc; path = ForumSeeTopicTableViewController.m; sourceTree = "<group>"; };
		02F15C631BD6D5490078279D /* ForumTableViewController.h */ = {isa = PBXFileReference; fileEncoding = 4; lastKnownFileType = sourcecode.c.h; path = ForumTableViewController.h; sourceTree = "<group>"; };
		02F15C641BD6D5490078279D /* ForumTableViewController.m */ = {isa = PBXFileReference; fileEncoding = 4; lastKnownFileType = sourcecode.c.objc; path = ForumTableViewController.m; sourceTree = "<group>"; };
		02F15C671BD6D8080078279D /* PatientSelectedTableViewController.h */ = {isa = PBXFileReference; fileEncoding = 4; lastKnownFileType = sourcecode.c.h; path = PatientSelectedTableViewController.h; sourceTree = "<group>"; };
		02F15C681BD6D8080078279D /* PatientSelectedTableViewController.m */ = {isa = PBXFileReference; fileEncoding = 4; lastKnownFileType = sourcecode.c.objc; path = PatientSelectedTableViewController.m; sourceTree = "<group>"; };
		03BCDA7EF4AE08E858097808 /* Pods-Doctor.debug.xcconfig */ = {isa = PBXFileReference; includeInIndex = 1; lastKnownFileType = text.xcconfig; name = "Pods-Doctor.debug.xcconfig"; path = "Pods/Target Support Files/Pods-Doctor/Pods-Doctor.debug.xcconfig"; sourceTree = "<group>"; };
		1BD2E2991BD1240D004413F9 /* Forum.storyboard */ = {isa = PBXFileReference; fileEncoding = 4; lastKnownFileType = file.storyboard; path = Forum.storyboard; sourceTree = "<group>"; };
		25499218369E12465EE581B5 /* libPods-Doctor.a */ = {isa = PBXFileReference; explicitFileType = archive.ar; includeInIndex = 0; path = "libPods-Doctor.a"; sourceTree = BUILT_PRODUCTS_DIR; };
		62531EE85C8BF5E4333DE691 /* Pods-Doctor.release.xcconfig */ = {isa = PBXFileReference; includeInIndex = 1; lastKnownFileType = text.xcconfig; name = "Pods-Doctor.release.xcconfig"; path = "Pods/Target Support Files/Pods-Doctor/Pods-Doctor.release.xcconfig"; sourceTree = "<group>"; };
		7020D11C1BD52DBD0059A226 /* Envio.h */ = {isa = PBXFileReference; fileEncoding = 4; lastKnownFileType = sourcecode.c.h; path = Envio.h; sourceTree = "<group>"; };
		7020D11D1BD52DBD0059A226 /* Envio.m */ = {isa = PBXFileReference; fileEncoding = 4; lastKnownFileType = sourcecode.c.objc; path = Envio.m; sourceTree = "<group>"; };
		7020D1201BD53A4E0059A226 /* Register.h */ = {isa = PBXFileReference; fileEncoding = 4; lastKnownFileType = sourcecode.c.h; path = Register.h; sourceTree = "<group>"; };
		7020D1211BD53A4E0059A226 /* Register.m */ = {isa = PBXFileReference; fileEncoding = 4; lastKnownFileType = sourcecode.c.objc; path = Register.m; sourceTree = "<group>"; };
		7020D1241BD53A840059A226 /* Treatment.h */ = {isa = PBXFileReference; fileEncoding = 4; lastKnownFileType = sourcecode.c.h; path = Treatment.h; sourceTree = "<group>"; };
		7020D1251BD53A840059A226 /* Treatment.m */ = {isa = PBXFileReference; fileEncoding = 4; lastKnownFileType = sourcecode.c.objc; path = Treatment.m; sourceTree = "<group>"; };
		7020D1281BD53A9F0059A226 /* Exam.h */ = {isa = PBXFileReference; fileEncoding = 4; lastKnownFileType = sourcecode.c.h; path = Exam.h; sourceTree = "<group>"; };
		7020D1291BD53A9F0059A226 /* Exam.m */ = {isa = PBXFileReference; fileEncoding = 4; lastKnownFileType = sourcecode.c.objc; path = Exam.m; sourceTree = "<group>"; };
		7020D12C1BD53B100059A226 /* Appointment.h */ = {isa = PBXFileReference; fileEncoding = 4; lastKnownFileType = sourcecode.c.h; path = Appointment.h; sourceTree = "<group>"; };
		7020D12D1BD53B100059A226 /* Appointment.m */ = {isa = PBXFileReference; fileEncoding = 4; lastKnownFileType = sourcecode.c.objc; path = Appointment.m; sourceTree = "<group>"; };
		7020D1301BD53B560059A226 /* CaseHistory.h */ = {isa = PBXFileReference; fileEncoding = 4; lastKnownFileType = sourcecode.c.h; path = CaseHistory.h; sourceTree = "<group>"; };
		7020D1311BD53B560059A226 /* CaseHistory.m */ = {isa = PBXFileReference; fileEncoding = 4; lastKnownFileType = sourcecode.c.objc; path = CaseHistory.m; sourceTree = "<group>"; };
		7020D1341BD53B7C0059A226 /* Diagnosis.h */ = {isa = PBXFileReference; fileEncoding = 4; lastKnownFileType = sourcecode.c.h; path = Diagnosis.h; sourceTree = "<group>"; };
		7020D1351BD53B7C0059A226 /* Diagnosis.m */ = {isa = PBXFileReference; fileEncoding = 4; lastKnownFileType = sourcecode.c.objc; path = Diagnosis.m; sourceTree = "<group>"; };
		703E632A1BCFD8F600205A82 /* Patients.storyboard */ = {isa = PBXFileReference; fileEncoding = 4; lastKnownFileType = file.storyboard; path = Patients.storyboard; sourceTree = "<group>"; };
		703E632C1BCFDA4100205A82 /* PatientsTableViewController.h */ = {isa = PBXFileReference; fileEncoding = 4; lastKnownFileType = sourcecode.c.h; path = PatientsTableViewController.h; sourceTree = "<group>"; };
		703E632D1BCFDA4100205A82 /* PatientsTableViewController.m */ = {isa = PBXFileReference; fileEncoding = 4; lastKnownFileType = sourcecode.c.objc; path = PatientsTableViewController.m; sourceTree = "<group>"; };
		703E632F1BCFDA6A00205A82 /* PatientsTableViewCell.h */ = {isa = PBXFileReference; fileEncoding = 4; lastKnownFileType = sourcecode.c.h; path = PatientsTableViewCell.h; sourceTree = "<group>"; };
		703E63301BCFDA6A00205A82 /* PatientsTableViewCell.m */ = {isa = PBXFileReference; fileEncoding = 4; lastKnownFileType = sourcecode.c.objc; path = PatientsTableViewCell.m; sourceTree = "<group>"; };
/* End PBXFileReference section */

/* Begin PBXFrameworksBuildPhase section */
		02807F8B1BCE9DE10008D018 /* Frameworks */ = {
			isa = PBXFrameworksBuildPhase;
			buildActionMask = 2147483647;
			files = (
				9F559E2DC906E29334401480 /* libPods-Doctor.a in Frameworks */,
			);
			runOnlyForDeploymentPostprocessing = 0;
		};
		02807FA41BCE9DE10008D018 /* Frameworks */ = {
			isa = PBXFrameworksBuildPhase;
			buildActionMask = 2147483647;
			files = (
			);
			runOnlyForDeploymentPostprocessing = 0;
		};
		02807FAF1BCE9DE10008D018 /* Frameworks */ = {
			isa = PBXFrameworksBuildPhase;
			buildActionMask = 2147483647;
			files = (
			);
			runOnlyForDeploymentPostprocessing = 0;
		};
/* End PBXFrameworksBuildPhase section */

/* Begin PBXGroup section */
		022928D51BCFC63000B7C1E0 /* Models */ = {
			isa = PBXGroup;
			children = (
				7020D1331BD53B670059A226 /* ModelDiagnosis */,
				7020D12F1BD53B160059A226 /* ModelCaseHistory */,
				7020D12B1BD53AA70059A226 /* ModelAppointment */,
				7020D1271BD53A890059A226 /* ModelExam */,
				7020D1231BD53A560059A226 /* ModelTreatment */,
				7020D11F1BD53A210059A226 /* ModelRegister */,
				7020D11B1BD52D280059A226 /* ModelParse */,
				02CD6C3D1BD2D7E300C38B6D /* ModelStoryboards */,
				02CD6C471BD2DA9F00C38B6D /* ModelDoctor */,
				02CD6C3E1BD2D7FB00C38B6D /* ModelPatients */,
				02CD6C3F1BD2D80900C38B6D /* ModelMedications */,
				02CD6C401BD2D81000C38B6D /* ModelForum */,
			);
			name = Models;
			sourceTree = "<group>";
		};
		022928D61BCFC64500B7C1E0 /* Views */ = {
			isa = PBXGroup;
			children = (
				02CD6C4C1BD2DD7400C38B6D /* ViewsMedications */,
				02CD6C4B1BD2DD6900C38B6D /* ViewsSettings */,
				02921D7E1BD14E62001B6F5E /* ViewsOutside */,
				1BD2E2951BD1215D004413F9 /* ViewsForum */,
				02921D5C1BD116D2001B6F5E /* ViewsFeed */,
				02921D5B1BD116CA001B6F5E /* ViewsPatients */,
				022928DD1BCFCA3700B7C1E0 /* ViewsMain */,
			);
			name = Views;
			sourceTree = "<group>";
		};
		022928D71BCFC64D00B7C1E0 /* Controllers */ = {
			isa = PBXGroup;
			children = (
				02CD6C3B1BD2D7B600C38B6D /* ControllersPatients */,
			);
			name = Controllers;
			sourceTree = "<group>";
		};
		022928D81BCFC65900B7C1E0 /* Storyboards */ = {
			isa = PBXGroup;
			children = (
				02807F9F1BCE9DE10008D018 /* LaunchScreen.storyboard */,
				02807F9A1BCE9DE10008D018 /* Main.storyboard */,
				02921D7C1BD14DE7001B6F5E /* Outside.storyboard */,
				022928E21BCFCCF200B7C1E0 /* Feed.storyboard */,
				703E632A1BCFD8F600205A82 /* Patients.storyboard */,
				02CD6C391BD2D61200C38B6D /* Medications.storyboard */,
				1BD2E2991BD1240D004413F9 /* Forum.storyboard */,
				02CD6C371BD2D5F500C38B6D /* Settings.storyboard */,
			);
			name = Storyboards;
			sourceTree = "<group>";
		};
		022928DD1BCFCA3700B7C1E0 /* ViewsMain */ = {
			isa = PBXGroup;
			children = (
				022928DA1BCFC9CC00B7C1E0 /* MainViewController.h */,
				022928DB1BCFC9CC00B7C1E0 /* MainViewController.m */,
				022928E11BCFCA7B00B7C1E0 /* Menu */,
			);
			name = ViewsMain;
			sourceTree = "<group>";
		};
		022928E11BCFCA7B00B7C1E0 /* Menu */ = {
			isa = PBXGroup;
			children = (
				022928DE1BCFCA5500B7C1E0 /* MenuTableViewController.h */,
				022928DF1BCFCA5500B7C1E0 /* MenuTableViewController.m */,
			);
			name = Menu;
			sourceTree = "<group>";
		};
		02807F851BCE9DE10008D018 = {
			isa = PBXGroup;
			children = (
				02807F901BCE9DE10008D018 /* Doctor */,
				02807FAA1BCE9DE10008D018 /* DoctorTests */,
				02807FB51BCE9DE10008D018 /* DoctorUITests */,
				02807F8F1BCE9DE10008D018 /* Products */,
				FC100BE74B8D95F58A428667 /* Pods */,
				C37E74F5BD3D707C399A0E57 /* Frameworks */,
			);
			sourceTree = "<group>";
		};
		02807F8F1BCE9DE10008D018 /* Products */ = {
			isa = PBXGroup;
			children = (
				02807F8E1BCE9DE10008D018 /* Doctor.app */,
				02807FA71BCE9DE10008D018 /* DoctorTests.xctest */,
				02807FB21BCE9DE10008D018 /* DoctorUITests.xctest */,
			);
			name = Products;
			sourceTree = "<group>";
		};
		02807F901BCE9DE10008D018 /* Doctor */ = {
			isa = PBXGroup;
			children = (
				022928D51BCFC63000B7C1E0 /* Models */,
				022928D61BCFC64500B7C1E0 /* Views */,
				022928D71BCFC64D00B7C1E0 /* Controllers */,
				022928D81BCFC65900B7C1E0 /* Storyboards */,
				02807F9D1BCE9DE10008D018 /* Assets.xcassets */,
				02807F911BCE9DE10008D018 /* Supporting Files */,
			);
			path = Doctor;
			sourceTree = "<group>";
		};
		02807F911BCE9DE10008D018 /* Supporting Files */ = {
			isa = PBXGroup;
			children = (
				02807F971BCE9DE10008D018 /* ViewController.h */,
				02807F981BCE9DE10008D018 /* ViewController.m */,
				02807FA21BCE9DE10008D018 /* Info.plist */,
				02807F941BCE9DE10008D018 /* AppDelegate.h */,
				02807F951BCE9DE10008D018 /* AppDelegate.m */,
				02807F921BCE9DE10008D018 /* main.m */,
			);
			name = "Supporting Files";
			sourceTree = "<group>";
		};
		02807FAA1BCE9DE10008D018 /* DoctorTests */ = {
			isa = PBXGroup;
			children = (
				02807FAB1BCE9DE10008D018 /* DoctorTests.m */,
				02807FAD1BCE9DE10008D018 /* Info.plist */,
			);
			path = DoctorTests;
			sourceTree = "<group>";
		};
		02807FB51BCE9DE10008D018 /* DoctorUITests */ = {
			isa = PBXGroup;
			children = (
				02807FB61BCE9DE10008D018 /* DoctorUITests.m */,
				02807FB81BCE9DE10008D018 /* Info.plist */,
			);
			path = DoctorUITests;
			sourceTree = "<group>";
		};
		02921D5B1BD116CA001B6F5E /* ViewsPatients */ = {
			isa = PBXGroup;
			children = (
				703E632C1BCFDA4100205A82 /* PatientsTableViewController.h */,
				703E632D1BCFDA4100205A82 /* PatientsTableViewController.m */,
				703E632F1BCFDA6A00205A82 /* PatientsTableViewCell.h */,
				703E63301BCFDA6A00205A82 /* PatientsTableViewCell.m */,
				02921D781BD14643001B6F5E /* PatientsAdd */,
				02F15C661BD6D7E60078279D /* PatientSelected */,
			);
			name = ViewsPatients;
			sourceTree = "<group>";
		};
		02921D5C1BD116D2001B6F5E /* ViewsFeed */ = {
			isa = PBXGroup;
			children = (
				02921D5D1BD11707001B6F5E /* FeedTableViewController.h */,
				02921D5E1BD11707001B6F5E /* FeedTableViewController.m */,
			);
			name = ViewsFeed;
			sourceTree = "<group>";
		};
		02921D781BD14643001B6F5E /* PatientsAdd */ = {
			isa = PBXGroup;
			children = (
				02921D791BD14653001B6F5E /* PatientsAddViewController.h */,
				02921D7A1BD14653001B6F5E /* PatientsAddViewController.m */,
			);
			name = PatientsAdd;
			sourceTree = "<group>";
		};
		02921D7E1BD14E62001B6F5E /* ViewsOutside */ = {
			isa = PBXGroup;
			children = (
				02921D7F1BD14E9A001B6F5E /* OutsideStartViewController.h */,
				02921D801BD14E9A001B6F5E /* OutsideStartViewController.m */,
				02CD6C351BD2CE1E00C38B6D /* OutsideRecoverPassword */,
				02CD6C361BD2CE2900C38B6D /* OutsideSignIn */,
			);
			name = ViewsOutside;
			sourceTree = "<group>";
		};
		02CD6C351BD2CE1E00C38B6D /* OutsideRecoverPassword */ = {
			isa = PBXGroup;
			children = (
				02CD6C2C1BD1BE4D00C38B6D /* OutsideRecoverPasswordViewController.h */,
				02CD6C2D1BD1BE4D00C38B6D /* OutsideRecoverPasswordViewController.m */,
			);
			name = OutsideRecoverPassword;
			sourceTree = "<group>";
		};
		02CD6C361BD2CE2900C38B6D /* OutsideSignIn */ = {
			isa = PBXGroup;
			children = (
				02CD6C2F1BD2C11700C38B6D /* OutsideSignInTableViewController.h */,
				02CD6C301BD2C11700C38B6D /* OutsideSignInTableViewController.m */,
				02CD6C321BD2C9D700C38B6D /* OutsideSignInConfirmViewController.h */,
				02CD6C331BD2C9D700C38B6D /* OutsideSignInConfirmViewController.m */,
			);
			name = OutsideSignIn;
			sourceTree = "<group>";
		};
		02CD6C3B1BD2D7B600C38B6D /* ControllersPatients */ = {
			isa = PBXGroup;
			children = (
			);
			name = ControllersPatients;
			sourceTree = "<group>";
		};
		02CD6C3D1BD2D7E300C38B6D /* ModelStoryboards */ = {
			isa = PBXGroup;
			children = (
				022928D91BCFC73200B7C1E0 /* Storyboards.h */,
			);
			name = ModelStoryboards;
			sourceTree = "<group>";
		};
		02CD6C3E1BD2D7FB00C38B6D /* ModelPatients */ = {
			isa = PBXGroup;
			children = (
				02CD6C411BD2D85A00C38B6D /* Patient.h */,
				02CD6C421BD2D85A00C38B6D /* Patient.m */,
			);
			name = ModelPatients;
			sourceTree = "<group>";
		};
		02CD6C3F1BD2D80900C38B6D /* ModelMedications */ = {
			isa = PBXGroup;
			children = (
				02CD6C441BD2D86600C38B6D /* Medication.h */,
				02CD6C451BD2D86600C38B6D /* Medication.m */,
			);
			name = ModelMedications;
			sourceTree = "<group>";
		};
		02CD6C401BD2D81000C38B6D /* ModelForum */ = {
			isa = PBXGroup;
			children = (
			);
			name = ModelForum;
			sourceTree = "<group>";
		};
		02CD6C471BD2DA9F00C38B6D /* ModelDoctor */ = {
			isa = PBXGroup;
			children = (
				02CD6C481BD2DAAC00C38B6D /* Doctor.h */,
				02CD6C491BD2DAAC00C38B6D /* Doctor.m */,
			);
			name = ModelDoctor;
			sourceTree = "<group>";
		};
		02CD6C4B1BD2DD6900C38B6D /* ViewsSettings */ = {
			isa = PBXGroup;
			children = (
				02CD6C4D1BD2DE6300C38B6D /* SettingsTableViewController.h */,
				02CD6C4E1BD2DE6300C38B6D /* SettingsTableViewController.m */,
			);
			name = ViewsSettings;
			sourceTree = "<group>";
		};
		02CD6C4C1BD2DD7400C38B6D /* ViewsMedications */ = {
			isa = PBXGroup;
			children = (
				02CD6C501BD2E14500C38B6D /* MedicationsTableViewController.h */,
				02CD6C511BD2E14500C38B6D /* MedicationsTableViewController.m */,
			);
			name = ViewsMedications;
			sourceTree = "<group>";
		};
		02CDD9BC1BD6DB8D00443828 /* ForumNewTopic */ = {
			isa = PBXGroup;
			children = (
				02CDD9BD1BD6DBB300443828 /* ForumNewTopicTableViewController.h */,
				02CDD9BE1BD6DBB300443828 /* ForumNewTopicTableViewController.m */,
			);
			name = ForumNewTopic;
			sourceTree = "<group>";
		};
		02CDD9C01BD6DBB900443828 /* ForumSeeTopic */ = {
			isa = PBXGroup;
			children = (
				02CDD9C11BD6DBC900443828 /* ForumSeeTopicTableViewController.h */,
				02CDD9C21BD6DBC900443828 /* ForumSeeTopicTableViewController.m */,
			);
			name = ForumSeeTopic;
			sourceTree = "<group>";
		};
		02F15C661BD6D7E60078279D /* PatientSelected */ = {
			isa = PBXGroup;
			children = (
				02F15C671BD6D8080078279D /* PatientSelectedTableViewController.h */,
				02F15C681BD6D8080078279D /* PatientSelectedTableViewController.m */,
			);
			name = PatientSelected;
			sourceTree = "<group>";
		};
		1BD2E2951BD1215D004413F9 /* ViewsForum */ = {
			isa = PBXGroup;
			children = (
				02F15C631BD6D5490078279D /* ForumTableViewController.h */,
				02F15C641BD6D5490078279D /* ForumTableViewController.m */,
				02CDD9C01BD6DBB900443828 /* ForumSeeTopic */,
				02CDD9BC1BD6DB8D00443828 /* ForumNewTopic */,
			);
			name = ViewsForum;
			sourceTree = "<group>";
		};
		7020D11B1BD52D280059A226 /* ModelParse */ = {
			isa = PBXGroup;
			children = (
				7020D11C1BD52DBD0059A226 /* Envio.h */,
				7020D11D1BD52DBD0059A226 /* Envio.m */,
			);
			name = ModelParse;
			sourceTree = "<group>";
		};
		7020D11F1BD53A210059A226 /* ModelRegister */ = {
			isa = PBXGroup;
			children = (
				7020D1201BD53A4E0059A226 /* Register.h */,
				7020D1211BD53A4E0059A226 /* Register.m */,
			);
			name = ModelRegister;
			sourceTree = "<group>";
		};
		7020D1231BD53A560059A226 /* ModelTreatment */ = {
			isa = PBXGroup;
			children = (
				7020D1241BD53A840059A226 /* Treatment.h */,
				7020D1251BD53A840059A226 /* Treatment.m */,
			);
			name = ModelTreatment;
			sourceTree = "<group>";
		};
		7020D1271BD53A890059A226 /* ModelExam */ = {
			isa = PBXGroup;
			children = (
				7020D1281BD53A9F0059A226 /* Exam.h */,
				7020D1291BD53A9F0059A226 /* Exam.m */,
			);
			name = ModelExam;
			sourceTree = "<group>";
		};
		7020D12B1BD53AA70059A226 /* ModelAppointment */ = {
			isa = PBXGroup;
			children = (
				7020D12C1BD53B100059A226 /* Appointment.h */,
				7020D12D1BD53B100059A226 /* Appointment.m */,
			);
			name = ModelAppointment;
			sourceTree = "<group>";
		};
		7020D12F1BD53B160059A226 /* ModelCaseHistory */ = {
			isa = PBXGroup;
			children = (
				7020D1301BD53B560059A226 /* CaseHistory.h */,
				7020D1311BD53B560059A226 /* CaseHistory.m */,
			);
			name = ModelCaseHistory;
			sourceTree = "<group>";
		};
		7020D1331BD53B670059A226 /* ModelDiagnosis */ = {
			isa = PBXGroup;
			children = (
				7020D1341BD53B7C0059A226 /* Diagnosis.h */,
				7020D1351BD53B7C0059A226 /* Diagnosis.m */,
			);
			name = ModelDiagnosis;
			sourceTree = "<group>";
		};
		C37E74F5BD3D707C399A0E57 /* Frameworks */ = {
			isa = PBXGroup;
			children = (
				25499218369E12465EE581B5 /* libPods-Doctor.a */,
			);
			name = Frameworks;
			sourceTree = "<group>";
		};
		FC100BE74B8D95F58A428667 /* Pods */ = {
			isa = PBXGroup;
			children = (
				03BCDA7EF4AE08E858097808 /* Pods-Doctor.debug.xcconfig */,
				62531EE85C8BF5E4333DE691 /* Pods-Doctor.release.xcconfig */,
			);
			name = Pods;
			sourceTree = "<group>";
		};
/* End PBXGroup section */

/* Begin PBXNativeTarget section */
		02807F8D1BCE9DE10008D018 /* Doctor */ = {
			isa = PBXNativeTarget;
			buildConfigurationList = 02807FBB1BCE9DE10008D018 /* Build configuration list for PBXNativeTarget "Doctor" */;
			buildPhases = (
				47B67A7EB029301595D5E80C /* Check Pods Manifest.lock */,
				02807F8A1BCE9DE10008D018 /* Sources */,
				02807F8B1BCE9DE10008D018 /* Frameworks */,
				02807F8C1BCE9DE10008D018 /* Resources */,
				02807FD41BCE9E9A0008D018 /* Embed Frameworks */,
				05AB6C0B21ACA10DDF695FC0 /* Copy Pods Resources */,
			);
			buildRules = (
			);
			dependencies = (
			);
			name = Doctor;
			productName = Doctor;
			productReference = 02807F8E1BCE9DE10008D018 /* Doctor.app */;
			productType = "com.apple.product-type.application";
		};
		02807FA61BCE9DE10008D018 /* DoctorTests */ = {
			isa = PBXNativeTarget;
			buildConfigurationList = 02807FBE1BCE9DE10008D018 /* Build configuration list for PBXNativeTarget "DoctorTests" */;
			buildPhases = (
				02807FA31BCE9DE10008D018 /* Sources */,
				02807FA41BCE9DE10008D018 /* Frameworks */,
				02807FA51BCE9DE10008D018 /* Resources */,
			);
			buildRules = (
			);
			dependencies = (
				02807FA91BCE9DE10008D018 /* PBXTargetDependency */,
			);
			name = DoctorTests;
			productName = DoctorTests;
			productReference = 02807FA71BCE9DE10008D018 /* DoctorTests.xctest */;
			productType = "com.apple.product-type.bundle.unit-test";
		};
		02807FB11BCE9DE10008D018 /* DoctorUITests */ = {
			isa = PBXNativeTarget;
			buildConfigurationList = 02807FC11BCE9DE10008D018 /* Build configuration list for PBXNativeTarget "DoctorUITests" */;
			buildPhases = (
				02807FAE1BCE9DE10008D018 /* Sources */,
				02807FAF1BCE9DE10008D018 /* Frameworks */,
				02807FB01BCE9DE10008D018 /* Resources */,
			);
			buildRules = (
			);
			dependencies = (
				02807FB41BCE9DE10008D018 /* PBXTargetDependency */,
			);
			name = DoctorUITests;
			productName = DoctorUITests;
			productReference = 02807FB21BCE9DE10008D018 /* DoctorUITests.xctest */;
			productType = "com.apple.product-type.bundle.ui-testing";
		};
/* End PBXNativeTarget section */

/* Begin PBXProject section */
		02807F861BCE9DE10008D018 /* Project object */ = {
			isa = PBXProject;
			attributes = {
				LastUpgradeCheck = 0700;
				ORGANIZATIONNAME = Doctr;
				TargetAttributes = {
					02807F8D1BCE9DE10008D018 = {
						CreatedOnToolsVersion = 7.0.1;
					};
					02807FA61BCE9DE10008D018 = {
						CreatedOnToolsVersion = 7.0.1;
						TestTargetID = 02807F8D1BCE9DE10008D018;
					};
					02807FB11BCE9DE10008D018 = {
						CreatedOnToolsVersion = 7.0.1;
						TestTargetID = 02807F8D1BCE9DE10008D018;
					};
				};
			};
			buildConfigurationList = 02807F891BCE9DE10008D018 /* Build configuration list for PBXProject "Doctor" */;
			compatibilityVersion = "Xcode 3.2";
			developmentRegion = English;
			hasScannedForEncodings = 0;
			knownRegions = (
				en,
				Base,
			);
			mainGroup = 02807F851BCE9DE10008D018;
			productRefGroup = 02807F8F1BCE9DE10008D018 /* Products */;
			projectDirPath = "";
			projectRoot = "";
			targets = (
				02807F8D1BCE9DE10008D018 /* Doctor */,
				02807FA61BCE9DE10008D018 /* DoctorTests */,
				02807FB11BCE9DE10008D018 /* DoctorUITests */,
			);
		};
/* End PBXProject section */

/* Begin PBXResourcesBuildPhase section */
		02807F8C1BCE9DE10008D018 /* Resources */ = {
			isa = PBXResourcesBuildPhase;
			buildActionMask = 2147483647;
			files = (
				1BD2E29A1BD1240D004413F9 /* Forum.storyboard in Resources */,
				703E632B1BCFD8F600205A82 /* Patients.storyboard in Resources */,
				02807FA11BCE9DE10008D018 /* LaunchScreen.storyboard in Resources */,
				02CD6C381BD2D5F500C38B6D /* Settings.storyboard in Resources */,
				02807F9E1BCE9DE10008D018 /* Assets.xcassets in Resources */,
				022928E31BCFCCF200B7C1E0 /* Feed.storyboard in Resources */,
				02807F9C1BCE9DE10008D018 /* Main.storyboard in Resources */,
				02CD6C3A1BD2D61200C38B6D /* Medications.storyboard in Resources */,
				02921D7D1BD14DE7001B6F5E /* Outside.storyboard in Resources */,
			);
			runOnlyForDeploymentPostprocessing = 0;
		};
		02807FA51BCE9DE10008D018 /* Resources */ = {
			isa = PBXResourcesBuildPhase;
			buildActionMask = 2147483647;
			files = (
			);
			runOnlyForDeploymentPostprocessing = 0;
		};
		02807FB01BCE9DE10008D018 /* Resources */ = {
			isa = PBXResourcesBuildPhase;
			buildActionMask = 2147483647;
			files = (
			);
			runOnlyForDeploymentPostprocessing = 0;
		};
/* End PBXResourcesBuildPhase section */

/* Begin PBXShellScriptBuildPhase section */
		05AB6C0B21ACA10DDF695FC0 /* Copy Pods Resources */ = {
			isa = PBXShellScriptBuildPhase;
			buildActionMask = 2147483647;
			files = (
			);
			inputPaths = (
			);
			name = "Copy Pods Resources";
			outputPaths = (
			);
			runOnlyForDeploymentPostprocessing = 0;
			shellPath = /bin/sh;
			shellScript = "\"${SRCROOT}/Pods/Target Support Files/Pods-Doctor/Pods-Doctor-resources.sh\"\n";
			showEnvVarsInLog = 0;
		};
		47B67A7EB029301595D5E80C /* Check Pods Manifest.lock */ = {
			isa = PBXShellScriptBuildPhase;
			buildActionMask = 2147483647;
			files = (
			);
			inputPaths = (
			);
			name = "Check Pods Manifest.lock";
			outputPaths = (
			);
			runOnlyForDeploymentPostprocessing = 0;
			shellPath = /bin/sh;
			shellScript = "diff \"${PODS_ROOT}/../Podfile.lock\" \"${PODS_ROOT}/Manifest.lock\" > /dev/null\nif [[ $? != 0 ]] ; then\n    cat << EOM\nerror: The sandbox is not in sync with the Podfile.lock. Run 'pod install' or update your CocoaPods installation.\nEOM\n    exit 1\nfi\n";
			showEnvVarsInLog = 0;
		};
/* End PBXShellScriptBuildPhase section */

/* Begin PBXSourcesBuildPhase section */
		02807F8A1BCE9DE10008D018 /* Sources */ = {
			isa = PBXSourcesBuildPhase;
			buildActionMask = 2147483647;
			files = (
				02807F991BCE9DE10008D018 /* ViewController.m in Sources */,
				703E63311BCFDA6A00205A82 /* PatientsTableViewCell.m in Sources */,
				02CDD9C31BD6DBC900443828 /* ForumSeeTopicTableViewController.m in Sources */,
				02CD6C4A1BD2DAAC00C38B6D /* Doctor.m in Sources */,
				02F15C651BD6D5490078279D /* ForumTableViewController.m in Sources */,
				703E632E1BCFDA4100205A82 /* PatientsTableViewController.m in Sources */,
				02807F961BCE9DE10008D018 /* AppDelegate.m in Sources */,
				02CDD9BF1BD6DBB300443828 /* ForumNewTopicTableViewController.m in Sources */,
				7020D1321BD53B560059A226 /* CaseHistory.m in Sources */,
				02CD6C461BD2D86600C38B6D /* Medication.m in Sources */,
				02CD6C311BD2C11700C38B6D /* OutsideSignInTableViewController.m in Sources */,
				02921D7B1BD14653001B6F5E /* PatientsAddViewController.m in Sources */,
				02807F931BCE9DE10008D018 /* main.m in Sources */,
				02CD6C521BD2E14500C38B6D /* MedicationsTableViewController.m in Sources */,
				7020D11E1BD52DBD0059A226 /* Envio.m in Sources */,
				022928DC1BCFC9CC00B7C1E0 /* MainViewController.m in Sources */,
				02CD6C341BD2C9D700C38B6D /* OutsideSignInConfirmViewController.m in Sources */,
				7020D1361BD53B7C0059A226 /* Diagnosis.m in Sources */,
				02CD6C4F1BD2DE6300C38B6D /* SettingsTableViewController.m in Sources */,
				7020D12E1BD53B100059A226 /* Appointment.m in Sources */,
				022928E01BCFCA5500B7C1E0 /* MenuTableViewController.m in Sources */,
				02CD6C2E1BD1BE4D00C38B6D /* OutsideRecoverPasswordViewController.m in Sources */,
				7020D12A1BD53A9F0059A226 /* Exam.m in Sources */,
				02CD6C431BD2D85A00C38B6D /* Patient.m in Sources */,
				7020D1261BD53A840059A226 /* Treatment.m in Sources */,
				02921D811BD14E9A001B6F5E /* OutsideStartViewController.m in Sources */,
				02F15C691BD6D8080078279D /* PatientSelectedTableViewController.m in Sources */,
				02921D5F1BD11707001B6F5E /* FeedTableViewController.m in Sources */,
				7020D1221BD53A4E0059A226 /* Register.m in Sources */,
			);
			runOnlyForDeploymentPostprocessing = 0;
		};
		02807FA31BCE9DE10008D018 /* Sources */ = {
			isa = PBXSourcesBuildPhase;
			buildActionMask = 2147483647;
			files = (
				02807FAC1BCE9DE10008D018 /* DoctorTests.m in Sources */,
			);
			runOnlyForDeploymentPostprocessing = 0;
		};
		02807FAE1BCE9DE10008D018 /* Sources */ = {
			isa = PBXSourcesBuildPhase;
			buildActionMask = 2147483647;
			files = (
				02807FB71BCE9DE10008D018 /* DoctorUITests.m in Sources */,
			);
			runOnlyForDeploymentPostprocessing = 0;
		};
/* End PBXSourcesBuildPhase section */

/* Begin PBXTargetDependency section */
		02807FA91BCE9DE10008D018 /* PBXTargetDependency */ = {
			isa = PBXTargetDependency;
			target = 02807F8D1BCE9DE10008D018 /* Doctor */;
			targetProxy = 02807FA81BCE9DE10008D018 /* PBXContainerItemProxy */;
		};
		02807FB41BCE9DE10008D018 /* PBXTargetDependency */ = {
			isa = PBXTargetDependency;
			target = 02807F8D1BCE9DE10008D018 /* Doctor */;
			targetProxy = 02807FB31BCE9DE10008D018 /* PBXContainerItemProxy */;
		};
/* End PBXTargetDependency section */

/* Begin PBXVariantGroup section */
		02807F9A1BCE9DE10008D018 /* Main.storyboard */ = {
			isa = PBXVariantGroup;
			children = (
				02807F9B1BCE9DE10008D018 /* Base */,
			);
			name = Main.storyboard;
			sourceTree = "<group>";
		};
		02807F9F1BCE9DE10008D018 /* LaunchScreen.storyboard */ = {
			isa = PBXVariantGroup;
			children = (
				02807FA01BCE9DE10008D018 /* Base */,
			);
			name = LaunchScreen.storyboard;
			sourceTree = "<group>";
		};
/* End PBXVariantGroup section */

/* Begin XCBuildConfiguration section */
		02807FB91BCE9DE10008D018 /* Debug */ = {
			isa = XCBuildConfiguration;
			buildSettings = {
				ALWAYS_SEARCH_USER_PATHS = NO;
				CLANG_CXX_LANGUAGE_STANDARD = "gnu++0x";
				CLANG_CXX_LIBRARY = "libc++";
				CLANG_ENABLE_MODULES = YES;
				CLANG_ENABLE_OBJC_ARC = YES;
				CLANG_WARN_BOOL_CONVERSION = YES;
				CLANG_WARN_CONSTANT_CONVERSION = YES;
				CLANG_WARN_DIRECT_OBJC_ISA_USAGE = YES_ERROR;
				CLANG_WARN_EMPTY_BODY = YES;
				CLANG_WARN_ENUM_CONVERSION = YES;
				CLANG_WARN_INT_CONVERSION = YES;
				CLANG_WARN_OBJC_ROOT_CLASS = YES_ERROR;
				CLANG_WARN_UNREACHABLE_CODE = YES;
				CLANG_WARN__DUPLICATE_METHOD_MATCH = YES;
				"CODE_SIGN_IDENTITY[sdk=iphoneos*]" = "iPhone Developer";
				COPY_PHASE_STRIP = NO;
				DEBUG_INFORMATION_FORMAT = dwarf;
				ENABLE_STRICT_OBJC_MSGSEND = YES;
				ENABLE_TESTABILITY = YES;
				GCC_C_LANGUAGE_STANDARD = gnu99;
				GCC_DYNAMIC_NO_PIC = NO;
				GCC_NO_COMMON_BLOCKS = YES;
				GCC_OPTIMIZATION_LEVEL = 0;
				GCC_PREPROCESSOR_DEFINITIONS = (
					"DEBUG=1",
					"$(inherited)",
				);
				GCC_WARN_64_TO_32_BIT_CONVERSION = YES;
				GCC_WARN_ABOUT_RETURN_TYPE = YES_ERROR;
				GCC_WARN_UNDECLARED_SELECTOR = YES;
				GCC_WARN_UNINITIALIZED_AUTOS = YES_AGGRESSIVE;
				GCC_WARN_UNUSED_FUNCTION = YES;
				GCC_WARN_UNUSED_VARIABLE = YES;
				IPHONEOS_DEPLOYMENT_TARGET = 9.0;
				MTL_ENABLE_DEBUG_INFO = YES;
				ONLY_ACTIVE_ARCH = YES;
				SDKROOT = iphoneos;
				TARGETED_DEVICE_FAMILY = "1,2";
			};
			name = Debug;
		};
		02807FBA1BCE9DE10008D018 /* Release */ = {
			isa = XCBuildConfiguration;
			buildSettings = {
				ALWAYS_SEARCH_USER_PATHS = NO;
				CLANG_CXX_LANGUAGE_STANDARD = "gnu++0x";
				CLANG_CXX_LIBRARY = "libc++";
				CLANG_ENABLE_MODULES = YES;
				CLANG_ENABLE_OBJC_ARC = YES;
				CLANG_WARN_BOOL_CONVERSION = YES;
				CLANG_WARN_CONSTANT_CONVERSION = YES;
				CLANG_WARN_DIRECT_OBJC_ISA_USAGE = YES_ERROR;
				CLANG_WARN_EMPTY_BODY = YES;
				CLANG_WARN_ENUM_CONVERSION = YES;
				CLANG_WARN_INT_CONVERSION = YES;
				CLANG_WARN_OBJC_ROOT_CLASS = YES_ERROR;
				CLANG_WARN_UNREACHABLE_CODE = YES;
				CLANG_WARN__DUPLICATE_METHOD_MATCH = YES;
				"CODE_SIGN_IDENTITY[sdk=iphoneos*]" = "iPhone Developer";
				COPY_PHASE_STRIP = NO;
				DEBUG_INFORMATION_FORMAT = "dwarf-with-dsym";
				ENABLE_NS_ASSERTIONS = NO;
				ENABLE_STRICT_OBJC_MSGSEND = YES;
				GCC_C_LANGUAGE_STANDARD = gnu99;
				GCC_NO_COMMON_BLOCKS = YES;
				GCC_WARN_64_TO_32_BIT_CONVERSION = YES;
				GCC_WARN_ABOUT_RETURN_TYPE = YES_ERROR;
				GCC_WARN_UNDECLARED_SELECTOR = YES;
				GCC_WARN_UNINITIALIZED_AUTOS = YES_AGGRESSIVE;
				GCC_WARN_UNUSED_FUNCTION = YES;
				GCC_WARN_UNUSED_VARIABLE = YES;
				IPHONEOS_DEPLOYMENT_TARGET = 9.0;
				MTL_ENABLE_DEBUG_INFO = NO;
				SDKROOT = iphoneos;
				TARGETED_DEVICE_FAMILY = "1,2";
				VALIDATE_PRODUCT = YES;
			};
			name = Release;
		};
		02807FBC1BCE9DE10008D018 /* Debug */ = {
			isa = XCBuildConfiguration;
			baseConfigurationReference = 03BCDA7EF4AE08E858097808 /* Pods-Doctor.debug.xcconfig */;
			buildSettings = {
				ASSETCATALOG_COMPILER_APPICON_NAME = AppIcon;
				EMBEDDED_CONTENT_CONTAINS_SWIFT = YES;
				INFOPLIST_FILE = Doctor/Info.plist;
				LD_RUNPATH_SEARCH_PATHS = "$(inherited) @executable_path/Frameworks";
				PRODUCT_BUNDLE_IDENTIFIER = Doctr.Doctor;
				PRODUCT_NAME = "$(TARGET_NAME)";
			};
			name = Debug;
		};
		02807FBD1BCE9DE10008D018 /* Release */ = {
			isa = XCBuildConfiguration;
			baseConfigurationReference = 62531EE85C8BF5E4333DE691 /* Pods-Doctor.release.xcconfig */;
			buildSettings = {
				ASSETCATALOG_COMPILER_APPICON_NAME = AppIcon;
				EMBEDDED_CONTENT_CONTAINS_SWIFT = YES;
				INFOPLIST_FILE = Doctor/Info.plist;
				LD_RUNPATH_SEARCH_PATHS = "$(inherited) @executable_path/Frameworks";
				PRODUCT_BUNDLE_IDENTIFIER = Doctr.Doctor;
				PRODUCT_NAME = "$(TARGET_NAME)";
			};
			name = Release;
		};
		02807FBF1BCE9DE10008D018 /* Debug */ = {
			isa = XCBuildConfiguration;
			buildSettings = {
				BUNDLE_LOADER = "$(TEST_HOST)";
				INFOPLIST_FILE = DoctorTests/Info.plist;
				LD_RUNPATH_SEARCH_PATHS = "$(inherited) @executable_path/Frameworks @loader_path/Frameworks";
				PRODUCT_BUNDLE_IDENTIFIER = Doctr.DoctorTests;
				PRODUCT_NAME = "$(TARGET_NAME)";
				TEST_HOST = "$(BUILT_PRODUCTS_DIR)/Doctor.app/Doctor";
			};
			name = Debug;
		};
		02807FC01BCE9DE10008D018 /* Release */ = {
			isa = XCBuildConfiguration;
			buildSettings = {
				BUNDLE_LOADER = "$(TEST_HOST)";
				INFOPLIST_FILE = DoctorTests/Info.plist;
				LD_RUNPATH_SEARCH_PATHS = "$(inherited) @executable_path/Frameworks @loader_path/Frameworks";
				PRODUCT_BUNDLE_IDENTIFIER = Doctr.DoctorTests;
				PRODUCT_NAME = "$(TARGET_NAME)";
				TEST_HOST = "$(BUILT_PRODUCTS_DIR)/Doctor.app/Doctor";
			};
			name = Release;
		};
		02807FC21BCE9DE10008D018 /* Debug */ = {
			isa = XCBuildConfiguration;
			buildSettings = {
				INFOPLIST_FILE = DoctorUITests/Info.plist;
				LD_RUNPATH_SEARCH_PATHS = "$(inherited) @executable_path/Frameworks @loader_path/Frameworks";
				PRODUCT_BUNDLE_IDENTIFIER = Doctr.DoctorUITests;
				PRODUCT_NAME = "$(TARGET_NAME)";
				TEST_TARGET_NAME = Doctor;
				USES_XCTRUNNER = YES;
			};
			name = Debug;
		};
		02807FC31BCE9DE10008D018 /* Release */ = {
			isa = XCBuildConfiguration;
			buildSettings = {
				INFOPLIST_FILE = DoctorUITests/Info.plist;
				LD_RUNPATH_SEARCH_PATHS = "$(inherited) @executable_path/Frameworks @loader_path/Frameworks";
				PRODUCT_BUNDLE_IDENTIFIER = Doctr.DoctorUITests;
				PRODUCT_NAME = "$(TARGET_NAME)";
				TEST_TARGET_NAME = Doctor;
				USES_XCTRUNNER = YES;
			};
			name = Release;
		};
/* End XCBuildConfiguration section */

/* Begin XCConfigurationList section */
		02807F891BCE9DE10008D018 /* Build configuration list for PBXProject "Doctor" */ = {
			isa = XCConfigurationList;
			buildConfigurations = (
				02807FB91BCE9DE10008D018 /* Debug */,
				02807FBA1BCE9DE10008D018 /* Release */,
			);
			defaultConfigurationIsVisible = 0;
			defaultConfigurationName = Release;
		};
		02807FBB1BCE9DE10008D018 /* Build configuration list for PBXNativeTarget "Doctor" */ = {
			isa = XCConfigurationList;
			buildConfigurations = (
				02807FBC1BCE9DE10008D018 /* Debug */,
				02807FBD1BCE9DE10008D018 /* Release */,
			);
			defaultConfigurationIsVisible = 0;
			defaultConfigurationName = Release;
		};
		02807FBE1BCE9DE10008D018 /* Build configuration list for PBXNativeTarget "DoctorTests" */ = {
			isa = XCConfigurationList;
			buildConfigurations = (
				02807FBF1BCE9DE10008D018 /* Debug */,
				02807FC01BCE9DE10008D018 /* Release */,
			);
			defaultConfigurationIsVisible = 0;
			defaultConfigurationName = Release;
		};
		02807FC11BCE9DE10008D018 /* Build configuration list for PBXNativeTarget "DoctorUITests" */ = {
			isa = XCConfigurationList;
			buildConfigurations = (
				02807FC21BCE9DE10008D018 /* Debug */,
				02807FC31BCE9DE10008D018 /* Release */,
			);
			defaultConfigurationIsVisible = 0;
			defaultConfigurationName = Release;
		};
/* End XCConfigurationList section */
	};
	rootObject = 02807F861BCE9DE10008D018 /* Project object */;
}
